
Microsoft Visual Studio Solution File, Format Version 11.00
# Visual Studio 2010
# Ranorex Studio 8.0
Project("{2150E333-8FDC-42A3-9474-1A3956D46DE8}") = "Solution Items", "Solution Items", "{EB2B3FEA-C985-4102-89ED-17FF5AAF419F}"
	ProjectSection(SolutionItems) = postProject
		Ranorex = .\Ranorex.rxsettings
	EndProjectSection
EndProject
Project("{FAE04EC0-301F-11D3-BF4B-00C04F79EFBC}") = "SkyNet1.0", "SkyNet1.0\SkyNet1.0.csproj", "{328AE8B5-11BF-4354-B809-2B5F552F505C}"
EndProject
Project("{FAE04EC0-301F-11D3-BF4B-00C04F79EFBC}") = "KeePassTestSuite", "..\..\Documents\Ranorex\RanorexStudio Projects\Samples\KeePassTestSuite\KeePassTestSuite\KeePassTestSuite.csproj", "{AC2AD819-865C-4A36-9AFC-B17715DBA647}"
EndProject
Global
	GlobalSection(SolutionConfigurationPlatforms) = preSolution
		Debug|x86 = Debug|x86
		Release|x86 = Release|x86
	EndGlobalSection
	GlobalSection(ProjectConfigurationPlatforms) = postSolution
		{328AE8B5-11BF-4354-B809-2B5F552F505C}.Debug|x86.Build.0 = Debug|x86
		{328AE8B5-11BF-4354-B809-2B5F552F505C}.Debug|x86.ActiveCfg = Debug|x86
		{328AE8B5-11BF-4354-B809-2B5F552F505C}.Release|x86.Build.0 = Release|x86
		{328AE8B5-11BF-4354-B809-2B5F552F505C}.Release|x86.ActiveCfg = Release|x86
		{AC2AD819-865C-4A36-9AFC-B17715DBA647}.Debug|x86.Build.0 = Debug|x86
		{AC2AD819-865C-4A36-9AFC-B17715DBA647}.Debug|x86.ActiveCfg = Debug|x86
		{AC2AD819-865C-4A36-9AFC-B17715DBA647}.Release|x86.Build.0 = Release|x86
		{AC2AD819-865C-4A36-9AFC-B17715DBA647}.Release|x86.ActiveCfg = Release|x86
	EndGlobalSection
EndGlobal
